{
    "_readme": [
        "This file locks the dependencies of your project to a known state",
        "Read more about it at https://getcomposer.org/doc/01-basic-usage.md#composer-lock-the-lock-file",
        "This file is @generated automatically"
    ],
    "hash": "300489a92b912aeb43d62b1f513c1af4",
    "packages": [
        {
            "name": "davedevelopment/guzzle-wsse-auth-plugin",
            "version": "v1.0.0",
            "source": {
                "type": "git",
                "url": "https://github.com/davedevelopment/guzzle-wsse-auth-plugin.git",
                "reference": "320fc6f38b00f5bfd0660e4f8af83e7fa98d0296"
            },
            "dist": {
                "type": "zip",
                "url": "https://api.github.com/repos/davedevelopment/guzzle-wsse-auth-plugin/zipball/320fc6f38b00f5bfd0660e4f8af83e7fa98d0296",
                "reference": "320fc6f38b00f5bfd0660e4f8af83e7fa98d0296",
                "shasum": ""
            },
            "require": {
                "guzzle/guzzle": ">=v2.6"
            },
            "type": "library",
            "autoload": {
                "psr-0": {
                    "Atst\\Guzzle": "src"
                }
            },
            "notification-url": "https://packagist.org/downloads/",
            "authors": [
                {
                    "name": "Dave Marshall",
                    "email": "dave.marshall@atstsolutions.co.uk",
                    "homepage": "http://davedevelopment.co.uk"
                }
            ],
            "description": "A WSSE based authentication plugin for guzzle",
            "time": "2012-10-31 08:27:37"
        },
        {
            "name": "guzzle/guzzle",
            "version": "v3.8.1",
            "source": {
                "type": "git",
                "url": "https://github.com/guzzle/guzzle.git",
                "reference": "4de0618a01b34aa1c8c33a3f13f396dcd3882eba"
            },
            "dist": {
                "type": "zip",
                "url": "https://api.github.com/repos/guzzle/guzzle/zipball/4de0618a01b34aa1c8c33a3f13f396dcd3882eba",
                "reference": "4de0618a01b34aa1c8c33a3f13f396dcd3882eba",
                "shasum": ""
            },
            "require": {
                "ext-curl": "*",
                "php": ">=5.3.3",
                "symfony/event-dispatcher": ">=2.1"
            },
            "replace": {
                "guzzle/batch": "self.version",
                "guzzle/cache": "self.version",
                "guzzle/common": "self.version",
                "guzzle/http": "self.version",
                "guzzle/inflection": "self.version",
                "guzzle/iterator": "self.version",
                "guzzle/log": "self.version",
                "guzzle/parser": "self.version",
                "guzzle/plugin": "self.version",
                "guzzle/plugin-async": "self.version",
                "guzzle/plugin-backoff": "self.version",
                "guzzle/plugin-cache": "self.version",
                "guzzle/plugin-cookie": "self.version",
                "guzzle/plugin-curlauth": "self.version",
                "guzzle/plugin-error-response": "self.version",
                "guzzle/plugin-history": "self.version",
                "guzzle/plugin-log": "self.version",
                "guzzle/plugin-md5": "self.version",
                "guzzle/plugin-mock": "self.version",
                "guzzle/plugin-oauth": "self.version",
                "guzzle/service": "self.version",
                "guzzle/stream": "self.version"
            },
            "require-dev": {
                "doctrine/cache": "*",
                "monolog/monolog": "1.*",
                "phpunit/phpunit": "3.7.*",
                "psr/log": "1.0.*",
                "symfony/class-loader": "*",
                "zendframework/zend-cache": "<2.3",
                "zendframework/zend-log": "<2.3"
            },
            "type": "library",
            "extra": {
                "branch-alias": {
                    "dev-master": "3.8-dev"
                }
            },
            "autoload": {
                "psr-0": {
                    "Guzzle": "src/",
                    "Guzzle\\Tests": "tests/"
                }
            },
            "notification-url": "https://packagist.org/downloads/",
            "license": [
                "MIT"
            ],
            "authors": [
                {
                    "name": "Michael Dowling",
                    "email": "mtdowling@gmail.com",
                    "homepage": "https://github.com/mtdowling"
                },
                {
                    "name": "Guzzle Community",
                    "homepage": "https://github.com/guzzle/guzzle/contributors"
                }
            ],
            "description": "Guzzle is a PHP HTTP client library and framework for building RESTful web service clients",
            "homepage": "http://guzzlephp.org/",
            "keywords": [
                "client",
                "curl",
                "framework",
                "http",
                "http client",
                "rest",
                "web service"
            ],
            "abandoned": "guzzlehttp/guzzle",
            "time": "2014-01-28 22:29:15"
        },
        {
            "name": "penneo/penneo-sdk-php",
            "version": "1.5.0",
            "source": {
                "type": "git",
                "url": "https://github.com/Penneo/sdk-php.git",
                "reference": "e80072ee9b6ad396f21f994ea00802be0793c47a"
            },
            "dist": {
                "type": "zip",
                "url": "https://api.github.com/repos/Penneo/sdk-php/zipball/e80072ee9b6ad396f21f994ea00802be0793c47a",
                "reference": "e80072ee9b6ad396f21f994ea00802be0793c47a",
                "shasum": ""
            },
            "require": {
                "davedevelopment/guzzle-wsse-auth-plugin": "1.*",
                "guzzle/guzzle": "3.8.*",
                "php": ">=5.3.0"
            },
            "require-dev": {
                "behat/behat": "^3.0",
                "phpunit/phpunit": "~5.0",
                "squizlabs/php_codesniffer": "*"
            },
            "type": "library",
            "autoload": {
                "psr-4": {
                    "Penneo\\SDK\\": "src/",
                    "Penneo\\SDK\\Tests\\": "features/Context/"
                }
            },
            "notification-url": "https://packagist.org/downloads/",
            "description": "Penneo SDK for PHP",
            "homepage": "https://penneo.com",
            "time": "2016-03-29 13:53:50"
        },
        {
            "name": "symfony/event-dispatcher",
            "version": "v2.8.17",
            "source": {
                "type": "git",
                "url": "https://github.com/symfony/event-dispatcher.git",
                "reference": "74877977f90fb9c3e46378d5764217c55f32df34"
            },
            "dist": {
                "type": "zip",
                "url": "https://api.github.com/repos/symfony/event-dispatcher/zipball/74877977f90fb9c3e46378d5764217c55f32df34",
                "reference": "74877977f90fb9c3e46378d5764217c55f32df34",
                "shasum": ""
            },
            "require": {
                "php": ">=5.3.9"
            },
            "require-dev": {
                "psr/log": "~1.0",
                "symfony/config": "~2.0,>=2.0.5|~3.0.0",
                "symfony/dependency-injection": "~2.6|~3.0.0",
                "symfony/expression-language": "~2.6|~3.0.0",
                "symfony/stopwatch": "~2.3|~3.0.0"
            },
            "suggest": {
                "symfony/dependency-injection": "",
                "symfony/http-kernel": ""
            },
            "type": "library",
            "extra": {
                "branch-alias": {
                    "dev-master": "2.8-dev"
                }
            },
            "autoload": {
                "psr-4": {
                    "Symfony\\Component\\EventDispatcher\\": ""
                },
                "exclude-from-classmap": [
                    "/Tests/"
                ]
            },
            "notification-url": "https://packagist.org/downloads/",
            "license": [
                "MIT"
            ],
            "authors": [
                {
                    "name": "Fabien Potencier",
                    "email": "fabien@symfony.com"
                },
                {
                    "name": "Symfony Community",
                    "homepage": "https://symfony.com/contributors"
                }
            ],
            "description": "Symfony EventDispatcher Component",
            "homepage": "https://symfony.com",
            "time": "2017-01-02 20:30:24"
        }
    ],
    "packages-dev": [],
    "aliases": [],
    "minimum-stability": "stable",
    "stability-flags": [],
    "prefer-stable": false,
    "prefer-lowest": false,
    "platform": [],
    "platform-dev": []
}
